
Microsoft Visual Studio Solution File, Format Version 12.00
# Visual Studio 15
VisualStudioVersion = 15.0.28307.902
MinimumVisualStudioVersion = 10.0.40219.1
Project("{888888A0-9F3D-457C-B088-3A5042F75D52}") = "opencv-text-detection", "opencv-text-detection\opencv-text-detection.pyproj", "{BB35C1F7-0112-4BE3-BFCD-F1380D91297C}"
EndProject
Global
	GlobalSection(SolutionConfigurationPlatforms) = preSolution
		Debug|Any CPU = Debug|Any CPU
		Release|Any CPU = Release|Any CPU
	EndGlobalSection
	GlobalSection(ProjectConfigurationPlatforms) = postSolution
		{BB35C1F7-0112-4BE3-BFCD-F1380D91297C}.Debug|Any CPU.ActiveCfg = Debug|Any CPU
		{BB35C1F7-0112-4BE3-BFCD-F1380D91297C}.Release|Any CPU.ActiveCfg = Release|Any CPU
	EndGlobalSection
	GlobalSection(SolutionProperties) = preSolution
		HideSolutionNode = FALSE
	EndGlobalSection
	GlobalSection(ExtensibilityGlobals) = postSolution
		SolutionGuid = {B5579951-D196-4CCC-9A46-29BA68780DD0}
	EndGlobalSection
EndGlobal
